<?xml version="1.0" encoding="utf-8"?>
<Project ToolsVersion="4.0" xmlns="http://schemas.microsoft.com/developer/msbuild/2003">
  <ItemGroup>
    <Filter Include="Source Files">
      <UniqueIdentifier>{4FC737F1-C7A5-4376-A066-2A32D752A2FF}</UniqueIdentifier>
      <Extensions>cpp;c;cc;cxx;c++;cppm;ixx;def;odl;idl;hpj;bat;asm;asmx</Extensions>
    </Filter>
    <Filter Include="Header Files">
      <UniqueIdentifier>{93995380-89BD-4b04-88EB-625FBE52EBFB}</UniqueIdentifier>
      <Extensions>h;hh;hpp;hxx;h++;hm;inl;inc;ipp;xsd</Extensions>
    </Filter>
    <Filter Include="Resource Files">
      <UniqueIdentifier>{67DA6AB6-F800-4c08-8B7A-83BB121AAD01}</UniqueIdentifier>
      <Extensions>rc;ico;cur;bmp;dlg;rc2;rct;bin;rgs;gif;jpg;jpeg;jpe;resx;tiff;tif;png;wav;mfcribbon-ms</Extensions>
    </Filter>
    <Filter Include="Header Files\Insurance">
      <UniqueIdentifier>{671f7fad-613b-4a50-a0f1-90adadf8c57a}</UniqueIdentifier>
    </Filter>
    <Filter Include="Source Files\Insurance">
      <UniqueIdentifier>{c28183d0-5dbf-4d6f-9bc2-44382b4bbfcb}</UniqueIdentifier>
    </Filter>
    <Filter Include="Header Files\Car">
      <UniqueIdentifier>{6708dde6-44e4-403d-b2cc-68d13ee2820c}</UniqueIdentifier>
    </Filter>
    <Filter Include="Header Files\Car\Car">
      <UniqueIdentifier>{45bfef93-c7c9-4b61-840d-377f47ce30a0}</UniqueIdentifier>
    </Filter>
    <Filter Include="Header Files\Account">
      <UniqueIdentifier>{4b1f5d22-7c16-4c46-b3d2-692dec4b014e}</UniqueIdentifier>
    </Filter>
    <Filter Include="Source Files\Car">
      <UniqueIdentifier>{b5b19ff0-7330-4f08-9944-c31e72bc1966}</UniqueIdentifier>
    </Filter>
    <Filter Include="Source Files\Car\Car">
      <UniqueIdentifier>{c6bc8c87-8b14-4546-a365-3b598d16149c}</UniqueIdentifier>
    </Filter>
    <Filter Include="Source Files\Account">
      <UniqueIdentifier>{f75be7de-b396-4887-8abd-02afb3dc319a}</UniqueIdentifier>
    </Filter>
  </ItemGroup>
  <ItemGroup>
    <ClCompile Include="Car Rental System.cpp">
      <Filter>Source Files</Filter>
    </ClCompile>
    <ClCompile Include="Insurance.cpp">
      <Filter>Source Files\Insurance</Filter>
    </ClCompile>
    <ClCompile Include="TheftInsurance.cpp">
      <Filter>Source Files\Insurance</Filter>
    </ClCompile>
    <ClCompile Include="CollisionInsurance.cpp">
      <Filter>Source Files\Insurance</Filter>
    </ClCompile>
    <ClCompile Include="FullCoverageInsurance.cpp">
      <Filter>Source Files\Insurance</Filter>
    </ClCompile>
    <ClCompile Include="InjuryInsurance.cpp">
      <Filter>Source Files\Insurance</Filter>
    </ClCompile>
    <ClCompile Include="Car.cpp">
      <Filter>Source Files\Car\Car</Filter>
    </ClCompile>
    <ClCompile Include="CarManager.cpp">
      <Filter>Source Files\Car</Filter>
    </ClCompile>
    <ClCompile Include="Account.cpp">
      <Filter>Source Files\Account</Filter>
    </ClCompile>
    <ClCompile Include="AdminAccount.cpp">
      <Filter>Source Files\Account</Filter>
    </ClCompile>
    <ClCompile Include="CustomerAccount.cpp">
      <Filter>Source Files\Account</Filter>
    </ClCompile>
  </ItemGroup>
  <ItemGroup>
    <ClInclude Include="Insurance.h">
      <Filter>Header Files\Insurance</Filter>
    </ClInclude>
    <ClInclude Include="TheftInsurance.h">
      <Filter>Header Files\Insurance</Filter>
    </ClInclude>
    <ClInclude Include="CollisionInsurance.h">
      <Filter>Header Files\Insurance</Filter>
    </ClInclude>
    <ClInclude Include="FullCoverageInsurance.h">
      <Filter>Header Files\Insurance</Filter>
    </ClInclude>
    <ClInclude Include="InjuryInsurance.h">
      <Filter>Header Files\Insurance</Filter>
    </ClInclude>
    <ClInclude Include="CarManager.h">
      <Filter>Header Files\Car</Filter>
    </ClInclude>
    <ClInclude Include="Car.h">
      <Filter>Header Files\Car\Car</Filter>
    </ClInclude>
    <ClInclude Include="Account.h">
      <Filter>Header Files\Account</Filter>
    </ClInclude>
    <ClInclude Include="AdminAccount.h">
      <Filter>Header Files\Account</Filter>
    </ClInclude>
    <ClInclude Include="CustomerAccount.h">
      <Filter>Header Files\Account</Filter>
    </ClInclude>
  </ItemGroup>
</Project>